// !$*UTF8*$!
{
	archiveVersion = 1;
	classes = {
	};
	objectVersion = 55;
	objects = {

/* Begin PBXBuildFile section */
		9303771427FA31070040F026 /* LensEditor.swift in Sources */ = {isa = PBXBuildFile; fileRef = 9303771327FA31070040F026 /* LensEditor.swift */; };
		9303771527FA31160040F026 /* LensEditor.swift in Sources */ = {isa = PBXBuildFile; fileRef = 9303771327FA31070040F026 /* LensEditor.swift */; };
		9326DF0C27F9E7BD00898519 /* DoFCalculatorApp.swift in Sources */ = {isa = PBXBuildFile; fileRef = 9326DEFC27F9E7BB00898519 /* DoFCalculatorApp.swift */; };
		9326DF0D27F9E7BD00898519 /* DoFCalculatorApp.swift in Sources */ = {isa = PBXBuildFile; fileRef = 9326DEFC27F9E7BB00898519 /* DoFCalculatorApp.swift */; };
		9326DF0E27F9E7BD00898519 /* ContentView.swift in Sources */ = {isa = PBXBuildFile; fileRef = 9326DEFD27F9E7BB00898519 /* ContentView.swift */; };
		9326DF0F27F9E7BD00898519 /* ContentView.swift in Sources */ = {isa = PBXBuildFile; fileRef = 9326DEFD27F9E7BB00898519 /* ContentView.swift */; };
		9326DF1027F9E7BD00898519 /* Assets.xcassets in Resources */ = {isa = PBXBuildFile; fileRef = 9326DEFE27F9E7BD00898519 /* Assets.xcassets */; };
		9326DF1127F9E7BD00898519 /* Assets.xcassets in Resources */ = {isa = PBXBuildFile; fileRef = 9326DEFE27F9E7BD00898519 /* Assets.xcassets */; };
		9326DF1C27F9E88D00898519 /* LensDatabase.json in Resources */ = {isa = PBXBuildFile; fileRef = 9326DF1B27F9E88D00898519 /* LensDatabase.json */; };
		9326DF1D27F9E88D00898519 /* LensDatabase.json in Resources */ = {isa = PBXBuildFile; fileRef = 9326DF1B27F9E88D00898519 /* LensDatabase.json */; };
		9354286127FA417F00ECF1E7 /* DoFCalc in Frameworks */ = {isa = PBXBuildFile; productRef = 9354286027FA417F00ECF1E7 /* DoFCalc */; };
		93B8863127FC6DED0011C35F /* Extensions in Frameworks */ = {isa = PBXBuildFile; productRef = 93B8863027FC6DED0011C35F /* Extensions */; };
		93B8863427FC6E430011C35F /* DoFCalculator.swift in Sources */ = {isa = PBXBuildFile; fileRef = 93B8863327FC6E430011C35F /* DoFCalculator.swift */; };
		93B8863527FC6E430011C35F /* DoFCalculator.swift in Sources */ = {isa = PBXBuildFile; fileRef = 93B8863327FC6E430011C35F /* DoFCalculator.swift */; };
/* End PBXBuildFile section */

/* Begin PBXFileReference section */
		9303771327FA31070040F026 /* LensEditor.swift */ = {isa = PBXFileReference; lastKnownFileType = sourcecode.swift; path = LensEditor.swift; sourceTree = "<group>"; };
		9326DEFC27F9E7BB00898519 /* DoFCalculatorApp.swift */ = {isa = PBXFileReference; lastKnownFileType = sourcecode.swift; path = DoFCalculatorApp.swift; sourceTree = "<group>"; };
		9326DEFD27F9E7BB00898519 /* ContentView.swift */ = {isa = PBXFileReference; lastKnownFileType = sourcecode.swift; path = ContentView.swift; sourceTree = "<group>"; };
		9326DEFE27F9E7BD00898519 /* Assets.xcassets */ = {isa = PBXFileReference; lastKnownFileType = folder.assetcatalog; path = Assets.xcassets; sourceTree = "<group>"; };
		9326DF0327F9E7BD00898519 /* DoFCalculator.app */ = {isa = PBXFileReference; explicitFileType = wrapper.application; includeInIndex = 0; path = DoFCalculator.app; sourceTree = BUILT_PRODUCTS_DIR; };
		9326DF0927F9E7BD00898519 /* DoFCalculator.app */ = {isa = PBXFileReference; explicitFileType = wrapper.application; includeInIndex = 0; path = DoFCalculator.app; sourceTree = BUILT_PRODUCTS_DIR; };
		9326DF0B27F9E7BD00898519 /* macOS.entitlements */ = {isa = PBXFileReference; lastKnownFileType = text.plist.entitlements; path = macOS.entitlements; sourceTree = "<group>"; };
		9326DF1B27F9E88D00898519 /* LensDatabase.json */ = {isa = PBXFileReference; lastKnownFileType = text.json; path = LensDatabase.json; sourceTree = "<group>"; };
		9327724828087CE400277B9A /* README.md */ = {isa = PBXFileReference; lastKnownFileType = net.daringfireball.markdown; path = README.md; sourceTree = "<group>"; };
		9354286227FA41DE00ECF1E7 /* DoFCalc */ = {isa = PBXFileReference; lastKnownFileType = wrapper; name = DoFCalc; path = ../DoFCalc; sourceTree = "<group>"; };
		93B8863227FC6E0C0011C35F /* Extensions */ = {isa = PBXFileReference; lastKnownFileType = wrapper; name = Extensions; path = ../Extensions; sourceTree = "<group>"; };
		93B8863327FC6E430011C35F /* DoFCalculator.swift */ = {isa = PBXFileReference; lastKnownFileType = sourcecode.swift; path = DoFCalculator.swift; sourceTree = "<group>"; };
/* End PBXFileReference section */

/* Begin PBXFrameworksBuildPhase section */
		9326DF0027F9E7BD00898519 /* Frameworks */ = {
			isa = PBXFrameworksBuildPhase;
			buildActionMask = 2147483647;
			files = (
			);
			runOnlyForDeploymentPostprocessing = 0;
		};
		9326DF0627F9E7BD00898519 /* Frameworks */ = {
			isa = PBXFrameworksBuildPhase;
			buildActionMask = 2147483647;
			files = (
				93B8863127FC6DED0011C35F /* Extensions in Frameworks */,
				9354286127FA417F00ECF1E7 /* DoFCalc in Frameworks */,
			);
			runOnlyForDeploymentPostprocessing = 0;
		};
/* End PBXFrameworksBuildPhase section */

/* Begin PBXGroup section */
		9303771227FA30ED0040F026 /* Views */ = {
			isa = PBXGroup;
			children = (
				9303771327FA31070040F026 /* LensEditor.swift */,
				93B8863327FC6E430011C35F /* DoFCalculator.swift */,
			);
			path = Views;
			sourceTree = "<group>";
		};
		9303771627FA33540040F026 /* Packages */ = {
			isa = PBXGroup;
			children = (
				93B8863227FC6E0C0011C35F /* Extensions */,
				9354286227FA41DE00ECF1E7 /* DoFCalc */,
			);
			name = Packages;
			sourceTree = "<group>";
		};
		9326DEF627F9E7BB00898519 = {
			isa = PBXGroup;
			children = (
				9327724828087CE400277B9A /* README.md */,
				9303771627FA33540040F026 /* Packages */,
				9326DF1A27F9E7C500898519 /* Assets */,
				9326DEFB27F9E7BB00898519 /* Shared */,
				9326DF0A27F9E7BD00898519 /* macOS */,
				9326DF0427F9E7BD00898519 /* Products */,
			);
			sourceTree = "<group>";
		};
		9326DEFB27F9E7BB00898519 /* Shared */ = {
			isa = PBXGroup;
			children = (
				9303771227FA30ED0040F026 /* Views */,
				9326DEFC27F9E7BB00898519 /* DoFCalculatorApp.swift */,
				9326DEFD27F9E7BB00898519 /* ContentView.swift */,
			);
			path = Shared;
			sourceTree = "<group>";
		};
		9326DF0427F9E7BD00898519 /* Products */ = {
			isa = PBXGroup;
			children = (
				9326DF0327F9E7BD00898519 /* DoFCalculator.app */,
				9326DF0927F9E7BD00898519 /* DoFCalculator.app */,
			);
			name = Products;
			sourceTree = "<group>";
		};
		9326DF0A27F9E7BD00898519 /* macOS */ = {
			isa = PBXGroup;
			children = (
				9326DF0B27F9E7BD00898519 /* macOS.entitlements */,
			);
			path = macOS;
			sourceTree = "<group>";
		};
		9326DF1A27F9E7C500898519 /* Assets */ = {
			isa = PBXGroup;
			children = (
				9326DEFE27F9E7BD00898519 /* Assets.xcassets */,
				9326DF1B27F9E88D00898519 /* LensDatabase.json */,
			);
			path = Assets;
			sourceTree = "<group>";
		};
/* End PBXGroup section */

/* Begin PBXNativeTarget section */
		9326DF0227F9E7BD00898519 /* DoFCalculator (iOS) */ = {
			isa = PBXNativeTarget;
			buildConfigurationList = 9326DF1427F9E7BD00898519 /* Build configuration list for PBXNativeTarget "DoFCalculator (iOS)" */;
			buildPhases = (
				9326DEFF27F9E7BD00898519 /* Sources */,
				9326DF0027F9E7BD00898519 /* Frameworks */,
				9326DF0127F9E7BD00898519 /* Resources */,
			);
			buildRules = (
			);
			dependencies = (
			);
			name = "DoFCalculator (iOS)";
			productName = "DoFCalculator (iOS)";
			productReference = 9326DF0327F9E7BD00898519 /* DoFCalculator.app */;
			productType = "com.apple.product-type.application";
		};
		9326DF0827F9E7BD00898519 /* DoFCalculator (macOS) */ = {
			isa = PBXNativeTarget;
			buildConfigurationList = 9326DF1727F9E7BD00898519 /* Build configuration list for PBXNativeTarget "DoFCalculator (macOS)" */;
			buildPhases = (
				9326DF0527F9E7BD00898519 /* Sources */,
				9326DF0627F9E7BD00898519 /* Frameworks */,
				9326DF0727F9E7BD00898519 /* Resources */,
			);
			buildRules = (
			);
			dependencies = (
			);
			name = "DoFCalculator (macOS)";
			packageProductDependencies = (
				9354286027FA417F00ECF1E7 /* DoFCalc */,
				93B8863027FC6DED0011C35F /* Extensions */,
			);
			productName = "DoFCalculator (macOS)";
			productReference = 9326DF0927F9E7BD00898519 /* DoFCalculator.app */;
			productType = "com.apple.product-type.application";
		};
/* End PBXNativeTarget section */

/* Begin PBXProject section */
		9326DEF727F9E7BB00898519 /* Project object */ = {
			isa = PBXProject;
			attributes = {
				BuildIndependentTargetsInParallel = 1;
				LastSwiftUpdateCheck = 1330;
				LastUpgradeCheck = 1330;
				TargetAttributes = {
					9326DF0227F9E7BD00898519 = {
						CreatedOnToolsVersion = 13.3;
					};
					9326DF0827F9E7BD00898519 = {
						CreatedOnToolsVersion = 13.3;
					};
				};
			};
			buildConfigurationList = 9326DEFA27F9E7BB00898519 /* Build configuration list for PBXProject "DoFCalculator" */;
			compatibilityVersion = "Xcode 13.0";
			developmentRegion = en;
			hasScannedForEncodings = 0;
			knownRegions = (
				en,
				Base,
			);
			mainGroup = 9326DEF627F9E7BB00898519;
			packageReferences = (
				9354285F27FA417F00ECF1E7 /* XCRemoteSwiftPackageReference "DoFCalc" */,
				93B8862F27FC6DED0011C35F /* XCRemoteSwiftPackageReference "Extensions" */,
			);
			productRefGroup = 9326DF0427F9E7BD00898519 /* Products */;
			projectDirPath = "";
			projectRoot = "";
			targets = (
				9326DF0227F9E7BD00898519 /* DoFCalculator (iOS) */,
				9326DF0827F9E7BD00898519 /* DoFCalculator (macOS) */,
			);
		};
/* End PBXProject section */

/* Begin PBXResourcesBuildPhase section */
		9326DF0127F9E7BD00898519 /* Resources */ = {
			isa = PBXResourcesBuildPhase;
			buildActionMask = 2147483647;
			files = (
				9326DF1C27F9E88D00898519 /* LensDatabase.json in Resources */,
				9326DF1027F9E7BD00898519 /* Assets.xcassets in Resources */,
			);
			runOnlyForDeploymentPostprocessing = 0;
		};
		9326DF0727F9E7BD00898519 /* Resources */ = {
			isa = PBXResourcesBuildPhase;
			buildActionMask = 2147483647;
			files = (
				9326DF1D27F9E88D00898519 /* LensDatabase.json in Resources */,
				9326DF1127F9E7BD00898519 /* Assets.xcassets in Resources */,
			);
			runOnlyForDeploymentPostprocessing = 0;
		};
/* End PBXResourcesBuildPhase section */

/* Begin PBXSourcesBuildPhase section */
		9326DEFF27F9E7BD00898519 /* Sources */ = {
			isa = PBXSourcesBuildPhase;
			buildActionMask = 2147483647;
			files = (
				9326DF0E27F9E7BD00898519 /* ContentView.swift in Sources */,
				93B8863427FC6E430011C35F /* DoFCalculator.swift in Sources */,
				9303771427FA31070040F026 /* LensEditor.swift in Sources */,
				9326DF0C27F9E7BD00898519 /* DoFCalculatorApp.swift in Sources */,
			);
			runOnlyForDeploymentPostprocessing = 0;
		};
		9326DF0527F9E7BD00898519 /* Sources */ = {
			isa = PBXSourcesBuildPhase;
			buildActionMask = 2147483647;
			files = (
				9326DF0F27F9E7BD00898519 /* ContentView.swift in Sources */,
				93B8863527FC6E430011C35F /* DoFCalculator.swift in Sources */,
				9303771527FA31160040F026 /* LensEditor.swift in Sources */,
				9326DF0D27F9E7BD00898519 /* DoFCalculatorApp.swift in Sources */,
			);
			runOnlyForDeploymentPostprocessing = 0;
		};
/* End PBXSourcesBuildPhase section */

/* Begin XCBuildConfiguration section */
		9326DF1227F9E7BD00898519 /* Debug */ = {
			isa = XCBuildConfiguration;
			buildSettings = {
				ALWAYS_SEARCH_USER_PATHS = NO;
				CLANG_ANALYZER_NONNULL = YES;
				CLANG_ANALYZER_NUMBER_OBJECT_CONVERSION = YES_AGGRESSIVE;
				CLANG_CXX_LANGUAGE_STANDARD = "gnu++17";
				CLANG_ENABLE_MODULES = YES;
				CLANG_ENABLE_OBJC_ARC = YES;
				CLANG_ENABLE_OBJC_WEAK = YES;
				CLANG_WARN_BLOCK_CAPTURE_AUTORELEASING = YES;
				CLANG_WARN_BOOL_CONVERSION = YES;
				CLANG_WARN_COMMA = YES;
				CLANG_WARN_CONSTANT_CONVERSION = YES;
				CLANG_WARN_DEPRECATED_OBJC_IMPLEMENTATIONS = YES;
				CLANG_WARN_DIRECT_OBJC_ISA_USAGE = YES_ERROR;
				CLANG_WARN_DOCUMENTATION_COMMENTS = YES;
				CLANG_WARN_EMPTY_BODY = YES;
				CLANG_WARN_ENUM_CONVERSION = YES;
				CLANG_WARN_INFINITE_RECURSION = YES;
				CLANG_WARN_INT_CONVERSION = YES;
				CLANG_WARN_NON_LITERAL_NULL_CONVERSION = YES;
				CLANG_WARN_OBJC_IMPLICIT_RETAIN_SELF = YES;
				CLANG_WARN_OBJC_LITERAL_CONVERSION = YES;
				CLANG_WARN_OBJC_ROOT_CLASS = YES_ERROR;
				CLANG_WARN_QUOTED_INCLUDE_IN_FRAMEWORK_HEADER = YES;
				CLANG_WARN_RANGE_LOOP_ANALYSIS = YES;
				CLANG_WARN_STRICT_PROTOTYPES = YES;
				CLANG_WARN_SUSPICIOUS_MOVE = YES;
				CLANG_WARN_UNGUARDED_AVAILABILITY = YES_AGGRESSIVE;
				CLANG_WARN_UNREACHABLE_CODE = YES;
				CLANG_WARN__DUPLICATE_METHOD_MATCH = YES;
				COPY_PHASE_STRIP = NO;
				DEBUG_INFORMATION_FORMAT = dwarf;
				ENABLE_STRICT_OBJC_MSGSEND = YES;
				ENABLE_TESTABILITY = YES;
				GCC_C_LANGUAGE_STANDARD = gnu11;
				GCC_DYNAMIC_NO_PIC = NO;
				GCC_NO_COMMON_BLOCKS = YES;
				GCC_OPTIMIZATION_LEVEL = 0;
				GCC_PREPROCESSOR_DEFINITIONS = (
					"DEBUG=1",
					"$(inherited)",
				);
				GCC_WARN_64_TO_32_BIT_CONVERSION = YES;
				GCC_WARN_ABOUT_RETURN_TYPE = YES_ERROR;
				GCC_WARN_UNDECLARED_SELECTOR = YES;
				GCC_WARN_UNINITIALIZED_AUTOS = YES_AGGRESSIVE;
				GCC_WARN_UNUSED_FUNCTION = YES;
				GCC_WARN_UNUSED_VARIABLE = YES;
				IPHONEOS_DEPLOYMENT_TARGET = 15.0;
				MACOSX_DEPLOYMENT_TARGET = 12.0;
				MTL_ENABLE_DEBUG_INFO = INCLUDE_SOURCE;
				MTL_FAST_MATH = YES;
				ONLY_ACTIVE_ARCH = YES;
				SWIFT_ACTIVE_COMPILATION_CONDITIONS = DEBUG;
				SWIFT_OPTIMIZATION_LEVEL = "-Onone";
			};
			name = Debug;
		};
		9326DF1327F9E7BD00898519 /* Release */ = {
			isa = XCBuildConfiguration;
			buildSettings = {
				ALWAYS_SEARCH_USER_PATHS = NO;
				CLANG_ANALYZER_NONNULL = YES;
				CLANG_ANALYZER_NUMBER_OBJECT_CONVERSION = YES_AGGRESSIVE;
				CLANG_CXX_LANGUAGE_STANDARD = "gnu++17";
				CLANG_ENABLE_MODULES = YES;
				CLANG_ENABLE_OBJC_ARC = YES;
				CLANG_ENABLE_OBJC_WEAK = YES;
				CLANG_WARN_BLOCK_CAPTURE_AUTORELEASING = YES;
				CLANG_WARN_BOOL_CONVERSION = YES;
				CLANG_WARN_COMMA = YES;
				CLANG_WARN_CONSTANT_CONVERSION = YES;
				CLANG_WARN_DEPRECATED_OBJC_IMPLEMENTATIONS = YES;
				CLANG_WARN_DIRECT_OBJC_ISA_USAGE = YES_ERROR;
				CLANG_WARN_DOCUMENTATION_COMMENTS = YES;
				CLANG_WARN_EMPTY_BODY = YES;
				CLANG_WARN_ENUM_CONVERSION = YES;
				CLANG_WARN_INFINITE_RECURSION = YES;
				CLANG_WARN_INT_CONVERSION = YES;
				CLANG_WARN_NON_LITERAL_NULL_CONVERSION = YES;
				CLANG_WARN_OBJC_IMPLICIT_RETAIN_SELF = YES;
				CLANG_WARN_OBJC_LITERAL_CONVERSION = YES;
				CLANG_WARN_OBJC_ROOT_CLASS = YES_ERROR;
				CLANG_WARN_QUOTED_INCLUDE_IN_FRAMEWORK_HEADER = YES;
				CLANG_WARN_RANGE_LOOP_ANALYSIS = YES;
				CLANG_WARN_STRICT_PROTOTYPES = YES;
				CLANG_WARN_SUSPICIOUS_MOVE = YES;
				CLANG_WARN_UNGUARDED_AVAILABILITY = YES_AGGRESSIVE;
				CLANG_WARN_UNREACHABLE_CODE = YES;
				CLANG_WARN__DUPLICATE_METHOD_MATCH = YES;
				COPY_PHASE_STRIP = NO;
				DEBUG_INFORMATION_FORMAT = "dwarf-with-dsym";
				ENABLE_NS_ASSERTIONS = NO;
				ENABLE_STRICT_OBJC_MSGSEND = YES;
				GCC_C_LANGUAGE_STANDARD = gnu11;
				GCC_NO_COMMON_BLOCKS = YES;
				GCC_WARN_64_TO_32_BIT_CONVERSION = YES;
				GCC_WARN_ABOUT_RETURN_TYPE = YES_ERROR;
				GCC_WARN_UNDECLARED_SELECTOR = YES;
				GCC_WARN_UNINITIALIZED_AUTOS = YES_AGGRESSIVE;
				GCC_WARN_UNUSED_FUNCTION = YES;
				GCC_WARN_UNUSED_VARIABLE = YES;
				IPHONEOS_DEPLOYMENT_TARGET = 15.0;
				MACOSX_DEPLOYMENT_TARGET = 12.0;
				MTL_ENABLE_DEBUG_INFO = NO;
				MTL_FAST_MATH = YES;
				SWIFT_COMPILATION_MODE = wholemodule;
				SWIFT_OPTIMIZATION_LEVEL = "-O";
			};
			name = Release;
		};
		9326DF1527F9E7BD00898519 /* Debug */ = {
			isa = XCBuildConfiguration;
			buildSettings = {
				ASSETCATALOG_COMPILER_APPICON_NAME = AppIcon;
				ASSETCATALOG_COMPILER_GLOBAL_ACCENT_COLOR_NAME = AccentColor;
				CODE_SIGN_STYLE = Automatic;
				CURRENT_PROJECT_VERSION = 1;
				DEVELOPMENT_TEAM = 95VARN682M;
				ENABLE_PREVIEWS = YES;
				GENERATE_INFOPLIST_FILE = YES;
				INFOPLIST_KEY_UIApplicationSceneManifest_Generation = YES;
				INFOPLIST_KEY_UIApplicationSupportsIndirectInputEvents = YES;
				INFOPLIST_KEY_UILaunchScreen_Generation = YES;
				INFOPLIST_KEY_UISupportedInterfaceOrientations_iPad = "UIInterfaceOrientationPortrait UIInterfaceOrientationPortraitUpsideDown UIInterfaceOrientationLandscapeLeft UIInterfaceOrientationLandscapeRight";
				INFOPLIST_KEY_UISupportedInterfaceOrientations_iPhone = "UIInterfaceOrientationPortrait UIInterfaceOrientationLandscapeLeft UIInterfaceOrientationLandscapeRight";
				IPHONEOS_DEPLOYMENT_TARGET = 15.0;
				LD_RUNPATH_SEARCH_PATHS = (
					"$(inherited)",
					"@executable_path/Frameworks",
				);
				MARKETING_VERSION = 1.0;
				PRODUCT_BUNDLE_IDENTIFIER = de.camue.DoFCalculator;
				PRODUCT_NAME = DoFCalculator;
				SDKROOT = iphoneos;
				SWIFT_EMIT_LOC_STRINGS = YES;
				SWIFT_VERSION = 5.0;
				TARGETED_DEVICE_FAMILY = "1,2";
			};
			name = Debug;
		};
		9326DF1627F9E7BD00898519 /* Release */ = {
			isa = XCBuildConfiguration;
			buildSettings = {
				ASSETCATALOG_COMPILER_APPICON_NAME = AppIcon;
				ASSETCATALOG_COMPILER_GLOBAL_ACCENT_COLOR_NAME = AccentColor;
				CODE_SIGN_STYLE = Automatic;
				CURRENT_PROJECT_VERSION = 1;
				DEVELOPMENT_TEAM = 95VARN682M;
				ENABLE_PREVIEWS = YES;
				GENERATE_INFOPLIST_FILE = YES;
				INFOPLIST_KEY_UIApplicationSceneManifest_Generation = YES;
				INFOPLIST_KEY_UIApplicationSupportsIndirectInputEvents = YES;
				INFOPLIST_KEY_UILaunchScreen_Generation = YES;
				INFOPLIST_KEY_UISupportedInterfaceOrientations_iPad = "UIInterfaceOrientationPortrait UIInterfaceOrientationPortraitUpsideDown UIInterfaceOrientationLandscapeLeft UIInterfaceOrientationLandscapeRight";
				INFOPLIST_KEY_UISupportedInterfaceOrientations_iPhone = "UIInterfaceOrientationPortrait UIInterfaceOrientationLandscapeLeft UIInterfaceOrientationLandscapeRight";
				IPHONEOS_DEPLOYMENT_TARGET = 15.0;
				LD_RUNPATH_SEARCH_PATHS = (
					"$(inherited)",
					"@executable_path/Frameworks",
				);
				MARKETING_VERSION = 1.0;
				PRODUCT_BUNDLE_IDENTIFIER = de.camue.DoFCalculator;
				PRODUCT_NAME = DoFCalculator;
				SDKROOT = iphoneos;
				SWIFT_EMIT_LOC_STRINGS = YES;
				SWIFT_VERSION = 5.0;
				TARGETED_DEVICE_FAMILY = "1,2";
				VALIDATE_PRODUCT = YES;
			};
			name = Release;
		};
		9326DF1827F9E7BD00898519 /* Debug */ = {
			isa = XCBuildConfiguration;
			buildSettings = {
				ASSETCATALOG_COMPILER_APPICON_NAME = AppIcon;
				ASSETCATALOG_COMPILER_GLOBAL_ACCENT_COLOR_NAME = AccentColor;
				CODE_SIGN_ENTITLEMENTS = macOS/macOS.entitlements;
				CODE_SIGN_STYLE = Automatic;
				COMBINE_HIDPI_IMAGES = YES;
				CURRENT_PROJECT_VERSION = 1;
				DEVELOPMENT_TEAM = 95VARN682M;
				ENABLE_HARDENED_RUNTIME = YES;
				ENABLE_PREVIEWS = YES;
				GENERATE_INFOPLIST_FILE = YES;
				INFOPLIST_KEY_NSHumanReadableCopyright = "";
				LD_RUNPATH_SEARCH_PATHS = (
					"$(inherited)",
					"@executable_path/../Frameworks",
				);
				MACOSX_DEPLOYMENT_TARGET = 12.3;
				MARKETING_VERSION = 1.0;
				PRODUCT_BUNDLE_IDENTIFIER = de.camue.DoFCalculator;
				PRODUCT_NAME = DoFCalculator;
				SDKROOT = macosx;
				SWIFT_EMIT_LOC_STRINGS = YES;
				SWIFT_VERSION = 5.0;
			};
			name = Debug;
		};
		9326DF1927F9E7BD00898519 /* Release */ = {
			isa = XCBuildConfiguration;
			buildSettings = {
				ASSETCATALOG_COMPILER_APPICON_NAME = AppIcon;
				ASSETCATALOG_COMPILER_GLOBAL_ACCENT_COLOR_NAME = AccentColor;
				CODE_SIGN_ENTITLEMENTS = macOS/macOS.entitlements;
				CODE_SIGN_STYLE = Automatic;
				COMBINE_HIDPI_IMAGES = YES;
				CURRENT_PROJECT_VERSION = 1;
				DEVELOPMENT_TEAM = 95VARN682M;
				ENABLE_HARDENED_RUNTIME = YES;
				ENABLE_PREVIEWS = YES;
				GENERATE_INFOPLIST_FILE = YES;
				INFOPLIST_KEY_NSHumanReadableCopyright = "";
				LD_RUNPATH_SEARCH_PATHS = (
					"$(inherited)",
					"@executable_path/../Frameworks",
				);
				MACOSX_DEPLOYMENT_TARGET = 12.3;
				MARKETING_VERSION = 1.0;
				PRODUCT_BUNDLE_IDENTIFIER = de.camue.DoFCalculator;
				PRODUCT_NAME = DoFCalculator;
				SDKROOT = macosx;
				SWIFT_EMIT_LOC_STRINGS = YES;
				SWIFT_VERSION = 5.0;
			};
			name = Release;
		};
/* End XCBuildConfiguration section */

/* Begin XCConfigurationList section */
		9326DEFA27F9E7BB00898519 /* Build configuration list for PBXProject "DoFCalculator" */ = {
			isa = XCConfigurationList;
			buildConfigurations = (
				9326DF1227F9E7BD00898519 /* Debug */,
				9326DF1327F9E7BD00898519 /* Release */,
			);
			defaultConfigurationIsVisible = 0;
			defaultConfigurationName = Release;
		};
		9326DF1427F9E7BD00898519 /* Build configuration list for PBXNativeTarget "DoFCalculator (iOS)" */ = {
			isa = XCConfigurationList;
			buildConfigurations = (
				9326DF1527F9E7BD00898519 /* Debug */,
				9326DF1627F9E7BD00898519 /* Release */,
			);
			defaultConfigurationIsVisible = 0;
			defaultConfigurationName = Release;
		};
		9326DF1727F9E7BD00898519 /* Build configuration list for PBXNativeTarget "DoFCalculator (macOS)" */ = {
			isa = XCConfigurationList;
			buildConfigurations = (
				9326DF1827F9E7BD00898519 /* Debug */,
				9326DF1927F9E7BD00898519 /* Release */,
			);
			defaultConfigurationIsVisible = 0;
			defaultConfigurationName = Release;
		};
/* End XCConfigurationList section */

/* Begin XCRemoteSwiftPackageReference section */
		9354285F27FA417F00ECF1E7 /* XCRemoteSwiftPackageReference "DoFCalc" */ = {
			isa = XCRemoteSwiftPackageReference;
			repositoryURL = "https://github.com/Spirou42/DoFCalc.git";
			requirement = {
				branch = main;
				kind = branch;
			};
		};
		93B8862F27FC6DED0011C35F /* XCRemoteSwiftPackageReference "Extensions" */ = {
			isa = XCRemoteSwiftPackageReference;
			repositoryURL = "https://github.com/Spirou42/Extensions.git";
			requirement = {
				branch = main;
				kind = branch;
			};
		};
/* End XCRemoteSwiftPackageReference section */

/* Begin XCSwiftPackageProductDependency section */
		9354286027FA417F00ECF1E7 /* DoFCalc */ = {
			isa = XCSwiftPackageProductDependency;
			package = 9354285F27FA417F00ECF1E7 /* XCRemoteSwiftPackageReference "DoFCalc" */;
			productName = DoFCalc;
		};
		93B8863027FC6DED0011C35F /* Extensions */ = {
			isa = XCSwiftPackageProductDependency;
			package = 93B8862F27FC6DED0011C35F /* XCRemoteSwiftPackageReference "Extensions" */;
			productName = Extensions;
		};
/* End XCSwiftPackageProductDependency section */
	};
	rootObject = 9326DEF727F9E7BB00898519 /* Project object */;
}
